
Microsoft Visual Studio Solution File, Format Version 12.00
# Visual Studio Version 16
VisualStudioVersion = 16.0.29613.14
MinimumVisualStudioVersion = 10.0.40219.1
Project("{8BC9CEB8-8B4A-11D0-8D11-00A0C91BC942}") = "Graphics", "Graphics\Graphics.vcxproj", "{C0EC640B-CCAB-4D07-A98A-C4E0C6A878C5}"
EndProject
Project("{8BC9CEB8-8B4A-11D0-8D11-00A0C91BC942}") = "Logic", "Logic\Logic.vcxproj", "{7E75B2A0-AAD0-467F-8AF0-4AE3A5505857}"
EndProject
Project("{8BC9CEB8-8B4A-11D0-8D11-00A0C91BC942}") = "Terminal", "Terminal\Terminal.vcxproj", "{212DF3B7-B19D-43C8-AB97-B849239DF4E9}"
EndProject
Project("{8BC9CEB8-8B4A-11D0-8D11-00A0C91BC942}") = "Tests", "Tests\Tests.vcxproj", "{1A5CDF60-1556-4F6F-95D7-481FE5723E48}"
EndProject
Global
	GlobalSection(SolutionConfigurationPlatforms) = preSolution
		Debug|x64 = Debug|x64
		Debug|x86 = Debug|x86
		Release|x64 = Release|x64
		Release|x86 = Release|x86
	EndGlobalSection
	GlobalSection(ProjectConfigurationPlatforms) = postSolution
		{C0EC640B-CCAB-4D07-A98A-C4E0C6A878C5}.Debug|x64.ActiveCfg = Debug|x64
		{C0EC640B-CCAB-4D07-A98A-C4E0C6A878C5}.Debug|x64.Build.0 = Debug|x64
		{C0EC640B-CCAB-4D07-A98A-C4E0C6A878C5}.Debug|x86.ActiveCfg = Debug|Win32
		{C0EC640B-CCAB-4D07-A98A-C4E0C6A878C5}.Debug|x86.Build.0 = Debug|Win32
		{C0EC640B-CCAB-4D07-A98A-C4E0C6A878C5}.Release|x64.ActiveCfg = Release|x64
		{C0EC640B-CCAB-4D07-A98A-C4E0C6A878C5}.Release|x64.Build.0 = Release|x64
		{C0EC640B-CCAB-4D07-A98A-C4E0C6A878C5}.Release|x86.ActiveCfg = Release|Win32
		{C0EC640B-CCAB-4D07-A98A-C4E0C6A878C5}.Release|x86.Build.0 = Release|Win32
		{7E75B2A0-AAD0-467F-8AF0-4AE3A5505857}.Debug|x64.ActiveCfg = Debug|x64
		{7E75B2A0-AAD0-467F-8AF0-4AE3A5505857}.Debug|x64.Build.0 = Debug|x64
		{7E75B2A0-AAD0-467F-8AF0-4AE3A5505857}.Debug|x86.ActiveCfg = Debug|Win32
		{7E75B2A0-AAD0-467F-8AF0-4AE3A5505857}.Debug|x86.Build.0 = Debug|Win32
		{7E75B2A0-AAD0-467F-8AF0-4AE3A5505857}.Release|x64.ActiveCfg = Release|x64
		{7E75B2A0-AAD0-467F-8AF0-4AE3A5505857}.Release|x64.Build.0 = Release|x64
		{7E75B2A0-AAD0-467F-8AF0-4AE3A5505857}.Release|x86.ActiveCfg = Release|Win32
		{7E75B2A0-AAD0-467F-8AF0-4AE3A5505857}.Release|x86.Build.0 = Release|Win32
		{212DF3B7-B19D-43C8-AB97-B849239DF4E9}.Debug|x64.ActiveCfg = Debug|x64
		{212DF3B7-B19D-43C8-AB97-B849239DF4E9}.Debug|x64.Build.0 = Debug|x64
		{212DF3B7-B19D-43C8-AB97-B849239DF4E9}.Debug|x86.ActiveCfg = Debug|Win32
		{212DF3B7-B19D-43C8-AB97-B849239DF4E9}.Debug|x86.Build.0 = Debug|Win32
		{212DF3B7-B19D-43C8-AB97-B849239DF4E9}.Release|x64.ActiveCfg = Release|x64
		{212DF3B7-B19D-43C8-AB97-B849239DF4E9}.Release|x64.Build.0 = Release|x64
		{212DF3B7-B19D-43C8-AB97-B849239DF4E9}.Release|x86.ActiveCfg = Release|Win32
		{212DF3B7-B19D-43C8-AB97-B849239DF4E9}.Release|x86.Build.0 = Release|Win32
		{1A5CDF60-1556-4F6F-95D7-481FE5723E48}.Debug|x64.ActiveCfg = Debug|x64
		{1A5CDF60-1556-4F6F-95D7-481FE5723E48}.Debug|x64.Build.0 = Debug|x64
		{1A5CDF60-1556-4F6F-95D7-481FE5723E48}.Debug|x86.ActiveCfg = Debug|Win32
		{1A5CDF60-1556-4F6F-95D7-481FE5723E48}.Debug|x86.Build.0 = Debug|Win32
		{1A5CDF60-1556-4F6F-95D7-481FE5723E48}.Release|x64.ActiveCfg = Release|x64
		{1A5CDF60-1556-4F6F-95D7-481FE5723E48}.Release|x64.Build.0 = Release|x64
		{1A5CDF60-1556-4F6F-95D7-481FE5723E48}.Release|x86.ActiveCfg = Release|Win32
		{1A5CDF60-1556-4F6F-95D7-481FE5723E48}.Release|x86.Build.0 = Release|Win32
	EndGlobalSection
	GlobalSection(SolutionProperties) = preSolution
		HideSolutionNode = FALSE
	EndGlobalSection
	GlobalSection(ExtensibilityGlobals) = postSolution
		SolutionGuid = {D1911568-6FF3-4118-9FB0-63E5CCA5A576}
	EndGlobalSection
EndGlobal
